
Microsoft Visual Studio Solution File, Format Version 12.00
# Visual Studio Version 17
VisualStudioVersion = 17.8.34309.116
MinimumVisualStudioVersion = 10.0.40219.1
Project("{FAE04EC0-301F-11D3-BF4B-00C04F79EFBC}") = "CourceWork", "CourceWork\CourceWork.csproj", "{685F32B0-5289-4E7B-9A56-0FEA9BADE47D}"
EndProject
Global
	GlobalSection(SolutionConfigurationPlatforms) = preSolution
		Debug|Any CPU = Debug|Any CPU
		Release|Any CPU = Release|Any CPU
	EndGlobalSection
	GlobalSection(ProjectConfigurationPlatforms) = postSolution
		{685F32B0-5289-4E7B-9A56-0FEA9BADE47D}.Debug|Any CPU.ActiveCfg = Debug|Any CPU
		{685F32B0-5289-4E7B-9A56-0FEA9BADE47D}.Debug|Any CPU.Build.0 = Debug|Any CPU
		{685F32B0-5289-4E7B-9A56-0FEA9BADE47D}.Debug|Any CPU.Deploy.0 = Debug|Any CPU
		{685F32B0-5289-4E7B-9A56-0FEA9BADE47D}.Release|Any CPU.ActiveCfg = Release|Any CPU
		{685F32B0-5289-4E7B-9A56-0FEA9BADE47D}.Release|Any CPU.Build.0 = Release|Any CPU
		{685F32B0-5289-4E7B-9A56-0FEA9BADE47D}.Release|Any CPU.Deploy.0 = Release|Any CPU
	EndGlobalSection
	GlobalSection(SolutionProperties) = preSolution
		HideSolutionNode = FALSE
	EndGlobalSection
	GlobalSection(ExtensibilityGlobals) = postSolution
		SolutionGuid = {7120E91F-FF01-4D1C-BCAE-E9E08638E202}
	EndGlobalSection
EndGlobal
